
Microsoft Visual Studio Solution File, Format Version 12.00
# Visual Studio Version 16
VisualStudioVersion = 16.0.30309.148
MinimumVisualStudioVersion = 10.0.40219.1
Project("{FAE04EC0-301F-11D3-BF4B-00C04F79EFBC}") = "Drrr_Bot_Kuronaru", "Drrr_Bot_Kuronaru\Drrr_Bot_Kuronaru.csproj", "{BC7BBC9F-E7B3-47C8-9650-38C6417E7E31}"
EndProject
Global
	GlobalSection(SolutionConfigurationPlatforms) = preSolution
		Debug|Any CPU = Debug|Any CPU
		Release|Any CPU = Release|Any CPU
	EndGlobalSection
	GlobalSection(ProjectConfigurationPlatforms) = postSolution
		{BC7BBC9F-E7B3-47C8-9650-38C6417E7E31}.Debug|Any CPU.ActiveCfg = Debug|Any CPU
		{BC7BBC9F-E7B3-47C8-9650-38C6417E7E31}.Debug|Any CPU.Build.0 = Debug|Any CPU
		{BC7BBC9F-E7B3-47C8-9650-38C6417E7E31}.Release|Any CPU.ActiveCfg = Release|Any CPU
		{BC7BBC9F-E7B3-47C8-9650-38C6417E7E31}.Release|Any CPU.Build.0 = Release|Any CPU
	EndGlobalSection
	GlobalSection(SolutionProperties) = preSolution
		HideSolutionNode = FALSE
	EndGlobalSection
	GlobalSection(ExtensibilityGlobals) = postSolution
		SolutionGuid = {FE337066-B0DE-4BC2-95EB-79D5DEAA5F32}
	EndGlobalSection
EndGlobal
